{
  "nodes": {
    "nixpkgs": {
      "locked": {
        "lastModified": 1696604326,
        "narHash": "sha256-YXUNI0kLEcI5g8lqGMb0nh67fY9f2YoJsILafh6zlMo=",
        "path": "/nix/store/g68f5abh3xhcz8xsdlfw7wkgkkcx3nwy-source",
        "rev": "87828a0e03d1418e848d3dd3f3014a632e4a4f64",
        "type": "path"
      },
      "original": {
        "id": "nixpkgs",
        "type": "indirect"
      }
    },
    "root": {
      "inputs": {
        "nixpkgs": "nixpkgs"
      }
    }
  },
  "root": "root",
  "version": 7
}
